
Microsoft Visual Studio Solution File, Format Version 12.00
# Visual Studio Version 17
VisualStudioVersion = 17.11.35327.3
MinimumVisualStudioVersion = 10.0.40219.1
Project("{FAE04EC0-301F-11D3-BF4B-00C04F79EFBC}") = "StudentRegistry", "StudentDatabase\StudentRegistry.csproj", "{BD80B22C-53CC-43B3-B14D-09D02BBCD753}"
EndProject
Global
	GlobalSection(SolutionConfigurationPlatforms) = preSolution
		Debug|Any CPU = Debug|Any CPU
		Release|Any CPU = Release|Any CPU
	EndGlobalSection
	GlobalSection(ProjectConfigurationPlatforms) = postSolution
		{BD80B22C-53CC-43B3-B14D-09D02BBCD753}.Debug|Any CPU.ActiveCfg = Debug|Any CPU
		{BD80B22C-53CC-43B3-B14D-09D02BBCD753}.Debug|Any CPU.Build.0 = Debug|Any CPU
		{BD80B22C-53CC-43B3-B14D-09D02BBCD753}.Release|Any CPU.ActiveCfg = Release|Any CPU
		{BD80B22C-53CC-43B3-B14D-09D02BBCD753}.Release|Any CPU.Build.0 = Release|Any CPU
	EndGlobalSection
	GlobalSection(SolutionProperties) = preSolution
		HideSolutionNode = FALSE
	EndGlobalSection
	GlobalSection(ExtensibilityGlobals) = postSolution
		SolutionGuid = {5AA0BF3A-E3D6-4807-B056-E1B002934A55}
	EndGlobalSection
EndGlobal
